// !$*UTF8*$!
{
	archiveVersion = 1;
	classes = {
	};
	objectVersion = 46;
	objects = {

/* Begin PBXBuildFile section */
		6000F7741CFE8C9500B75F2A /* AwAlertViewlib.bundle in Resources */ = {isa = PBXBuildFile; fileRef = 6000F7721CFE8C9500B75F2A /* AwAlertViewlib.bundle */; };
		6000F7781CFE8CE300B75F2A /* BViewController.m in Sources */ = {isa = PBXBuildFile; fileRef = 6000F7771CFE8CE300B75F2A /* BViewController.m */; };
		6000F77A1CFE99D000B75F2A /* AwAlertViewlib.framework in Frameworks */ = {isa = PBXBuildFile; fileRef = 6000F7791CFE99D000B75F2A /* AwAlertViewlib.framework */; };
		6082ACD71D0EF822006CA072 /* CountSelectView.m in Sources */ = {isa = PBXBuildFile; fileRef = 6082ACD51D0EF822006CA072 /* CountSelectView.m */; };
		6082ACD81D0EF822006CA072 /* CountSelectView.xib in Resources */ = {isa = PBXBuildFile; fileRef = 6082ACD61D0EF822006CA072 /* CountSelectView.xib */; };
		6EE82D311C55CBBD005EA2CA /* main.m in Sources */ = {isa = PBXBuildFile; fileRef = 6EE82D301C55CBBD005EA2CA /* main.m */; };
		6EE82D341C55CBBD005EA2CA /* AppDelegate.m in Sources */ = {isa = PBXBuildFile; fileRef = 6EE82D331C55CBBD005EA2CA /* AppDelegate.m */; };
		6EE82D371C55CBBD005EA2CA /* ViewController.m in Sources */ = {isa = PBXBuildFile; fileRef = 6EE82D361C55CBBD005EA2CA /* ViewController.m */; };
		6EE82D3A1C55CBBD005EA2CA /* Main.storyboard in Resources */ = {isa = PBXBuildFile; fileRef = 6EE82D381C55CBBD005EA2CA /* Main.storyboard */; };
		6EE82D3C1C55CBBD005EA2CA /* Assets.xcassets in Resources */ = {isa = PBXBuildFile; fileRef = 6EE82D3B1C55CBBD005EA2CA /* Assets.xcassets */; };
		6EE82D3F1C55CBBD005EA2CA /* LaunchScreen.storyboard in Resources */ = {isa = PBXBuildFile; fileRef = 6EE82D3D1C55CBBD005EA2CA /* LaunchScreen.storyboard */; };
		6EE82D4A1C55CBBD005EA2CA /* AwlenAlertViewExampleTests.m in Sources */ = {isa = PBXBuildFile; fileRef = 6EE82D491C55CBBD005EA2CA /* AwlenAlertViewExampleTests.m */; };
		6EE82D551C55CBBD005EA2CA /* AwlenAlertViewExampleUITests.m in Sources */ = {isa = PBXBuildFile; fileRef = 6EE82D541C55CBBD005EA2CA /* AwlenAlertViewExampleUITests.m */; };
/* End PBXBuildFile section */

/* Begin PBXContainerItemProxy section */
		6EE82D461C55CBBD005EA2CA /* PBXContainerItemProxy */ = {
			isa = PBXContainerItemProxy;
			containerPortal = 6EE82D241C55CBBD005EA2CA /* Project object */;
			proxyType = 1;
			remoteGlobalIDString = 6EE82D2B1C55CBBD005EA2CA;
			remoteInfo = AwlenAlertViewExample;
		};
		6EE82D511C55CBBD005EA2CA /* PBXContainerItemProxy */ = {
			isa = PBXContainerItemProxy;
			containerPortal = 6EE82D241C55CBBD005EA2CA /* Project object */;
			proxyType = 1;
			remoteGlobalIDString = 6EE82D2B1C55CBBD005EA2CA;
			remoteInfo = AwlenAlertViewExample;
		};
/* End PBXContainerItemProxy section */

/* Begin PBXFileReference section */
		6000F7721CFE8C9500B75F2A /* AwAlertViewlib.bundle */ = {isa = PBXFileReference; lastKnownFileType = "wrapper.plug-in"; path = AwAlertViewlib.bundle; sourceTree = "<group>"; };
		6000F7761CFE8CE300B75F2A /* BViewController.h */ = {isa = PBXFileReference; fileEncoding = 4; lastKnownFileType = sourcecode.c.h; path = BViewController.h; sourceTree = "<group>"; };
		6000F7771CFE8CE300B75F2A /* BViewController.m */ = {isa = PBXFileReference; fileEncoding = 4; lastKnownFileType = sourcecode.c.objc; path = BViewController.m; sourceTree = "<group>"; };
		6000F7791CFE99D000B75F2A /* AwAlertViewlib.framework */ = {isa = PBXFileReference; lastKnownFileType = wrapper.framework; path = AwAlertViewlib.framework; sourceTree = "<group>"; };
		6082ACD41D0EF822006CA072 /* CountSelectView.h */ = {isa = PBXFileReference; fileEncoding = 4; lastKnownFileType = sourcecode.c.h; path = CountSelectView.h; sourceTree = "<group>"; };
		6082ACD51D0EF822006CA072 /* CountSelectView.m */ = {isa = PBXFileReference; fileEncoding = 4; lastKnownFileType = sourcecode.c.objc; path = CountSelectView.m; sourceTree = "<group>"; };
		6082ACD61D0EF822006CA072 /* CountSelectView.xib */ = {isa = PBXFileReference; fileEncoding = 4; lastKnownFileType = file.xib; path = CountSelectView.xib; sourceTree = "<group>"; };
		6EE82D2C1C55CBBD005EA2CA /* AwlenAlertViewExample.app */ = {isa = PBXFileReference; explicitFileType = wrapper.application; includeInIndex = 0; path = AwlenAlertViewExample.app; sourceTree = BUILT_PRODUCTS_DIR; };
		6EE82D301C55CBBD005EA2CA /* main.m */ = {isa = PBXFileReference; lastKnownFileType = sourcecode.c.objc; path = main.m; sourceTree = "<group>"; };
		6EE82D321C55CBBD005EA2CA /* AppDelegate.h */ = {isa = PBXFileReference; lastKnownFileType = sourcecode.c.h; path = AppDelegate.h; sourceTree = "<group>"; };
		6EE82D331C55CBBD005EA2CA /* AppDelegate.m */ = {isa = PBXFileReference; lastKnownFileType = sourcecode.c.objc; path = AppDelegate.m; sourceTree = "<group>"; };
		6EE82D351C55CBBD005EA2CA /* ViewController.h */ = {isa = PBXFileReference; lastKnownFileType = sourcecode.c.h; path = ViewController.h; sourceTree = "<group>"; };
		6EE82D361C55CBBD005EA2CA /* ViewController.m */ = {isa = PBXFileReference; lastKnownFileType = sourcecode.c.objc; path = ViewController.m; sourceTree = "<group>"; };
		6EE82D391C55CBBD005EA2CA /* Base */ = {isa = PBXFileReference; lastKnownFileType = file.storyboard; name = Base; path = Base.lproj/Main.storyboard; sourceTree = "<group>"; };
		6EE82D3B1C55CBBD005EA2CA /* Assets.xcassets */ = {isa = PBXFileReference; lastKnownFileType = folder.assetcatalog; path = Assets.xcassets; sourceTree = "<group>"; };
		6EE82D3E1C55CBBD005EA2CA /* Base */ = {isa = PBXFileReference; lastKnownFileType = file.storyboard; name = Base; path = Base.lproj/LaunchScreen.storyboard; sourceTree = "<group>"; };
		6EE82D401C55CBBD005EA2CA /* Info.plist */ = {isa = PBXFileReference; lastKnownFileType = text.plist.xml; path = Info.plist; sourceTree = "<group>"; };
		6EE82D451C55CBBD005EA2CA /* AwlenAlertViewExampleTests.xctest */ = {isa = PBXFileReference; explicitFileType = wrapper.cfbundle; includeInIndex = 0; path = AwlenAlertViewExampleTests.xctest; sourceTree = BUILT_PRODUCTS_DIR; };
		6EE82D491C55CBBD005EA2CA /* AwlenAlertViewExampleTests.m */ = {isa = PBXFileReference; lastKnownFileType = sourcecode.c.objc; path = AwlenAlertViewExampleTests.m; sourceTree = "<group>"; };
		6EE82D4B1C55CBBD005EA2CA /* Info.plist */ = {isa = PBXFileReference; lastKnownFileType = text.plist.xml; path = Info.plist; sourceTree = "<group>"; };
		6EE82D501C55CBBD005EA2CA /* AwlenAlertViewExampleUITests.xctest */ = {isa = PBXFileReference; explicitFileType = wrapper.cfbundle; includeInIndex = 0; path = AwlenAlertViewExampleUITests.xctest; sourceTree = BUILT_PRODUCTS_DIR; };
		6EE82D541C55CBBD005EA2CA /* AwlenAlertViewExampleUITests.m */ = {isa = PBXFileReference; lastKnownFileType = sourcecode.c.objc; path = AwlenAlertViewExampleUITests.m; sourceTree = "<group>"; };
		6EE82D561C55CBBD005EA2CA /* Info.plist */ = {isa = PBXFileReference; lastKnownFileType = text.plist.xml; path = Info.plist; sourceTree = "<group>"; };
/* End PBXFileReference section */

/* Begin PBXFrameworksBuildPhase section */
		6EE82D291C55CBBD005EA2CA /* Frameworks */ = {
			isa = PBXFrameworksBuildPhase;
			buildActionMask = 2147483647;
			files = (
				6000F77A1CFE99D000B75F2A /* AwAlertViewlib.framework in Frameworks */,
			);
			runOnlyForDeploymentPostprocessing = 0;
		};
		6EE82D421C55CBBD005EA2CA /* Frameworks */ = {
			isa = PBXFrameworksBuildPhase;
			buildActionMask = 2147483647;
			files = (
			);
			runOnlyForDeploymentPostprocessing = 0;
		};
		6EE82D4D1C55CBBD005EA2CA /* Frameworks */ = {
			isa = PBXFrameworksBuildPhase;
			buildActionMask = 2147483647;
			files = (
			);
			runOnlyForDeploymentPostprocessing = 0;
		};
/* End PBXFrameworksBuildPhase section */

/* Begin PBXGroup section */
		6EE82D231C55CBBD005EA2CA = {
			isa = PBXGroup;
			children = (
				6EE82D2E1C55CBBD005EA2CA /* AwlenAlertViewExample */,
				6EE82D481C55CBBD005EA2CA /* AwlenAlertViewExampleTests */,
				6EE82D531C55CBBD005EA2CA /* AwlenAlertViewExampleUITests */,
				6EE82D2D1C55CBBD005EA2CA /* Products */,
			);
			sourceTree = "<group>";
		};
		6EE82D2D1C55CBBD005EA2CA /* Products */ = {
			isa = PBXGroup;
			children = (
				6EE82D2C1C55CBBD005EA2CA /* AwlenAlertViewExample.app */,
				6EE82D451C55CBBD005EA2CA /* AwlenAlertViewExampleTests.xctest */,
				6EE82D501C55CBBD005EA2CA /* AwlenAlertViewExampleUITests.xctest */,
			);
			name = Products;
			sourceTree = "<group>";
		};
		6EE82D2E1C55CBBD005EA2CA /* AwlenAlertViewExample */ = {
			isa = PBXGroup;
			children = (
				6000F7791CFE99D000B75F2A /* AwAlertViewlib.framework */,
				6000F7721CFE8C9500B75F2A /* AwAlertViewlib.bundle */,
				6EE82D321C55CBBD005EA2CA /* AppDelegate.h */,
				6EE82D331C55CBBD005EA2CA /* AppDelegate.m */,
				6EE82D351C55CBBD005EA2CA /* ViewController.h */,
				6EE82D361C55CBBD005EA2CA /* ViewController.m */,
				6000F7761CFE8CE300B75F2A /* BViewController.h */,
				6000F7771CFE8CE300B75F2A /* BViewController.m */,
				6082ACD41D0EF822006CA072 /* CountSelectView.h */,
				6082ACD51D0EF822006CA072 /* CountSelectView.m */,
				6082ACD61D0EF822006CA072 /* CountSelectView.xib */,
				6EE82D381C55CBBD005EA2CA /* Main.storyboard */,
				6EE82D3B1C55CBBD005EA2CA /* Assets.xcassets */,
				6EE82D3D1C55CBBD005EA2CA /* LaunchScreen.storyboard */,
				6EE82D401C55CBBD005EA2CA /* Info.plist */,
				6EE82D2F1C55CBBD005EA2CA /* Supporting Files */,
			);
			path = AwlenAlertViewExample;
			sourceTree = "<group>";
		};
		6EE82D2F1C55CBBD005EA2CA /* Supporting Files */ = {
			isa = PBXGroup;
			children = (
				6EE82D301C55CBBD005EA2CA /* main.m */,
			);
			name = "Supporting Files";
			sourceTree = "<group>";
		};
		6EE82D481C55CBBD005EA2CA /* AwlenAlertViewExampleTests */ = {
			isa = PBXGroup;
			children = (
				6EE82D491C55CBBD005EA2CA /* AwlenAlertViewExampleTests.m */,
				6EE82D4B1C55CBBD005EA2CA /* Info.plist */,
			);
			path = AwlenAlertViewExampleTests;
			sourceTree = "<group>";
		};
		6EE82D531C55CBBD005EA2CA /* AwlenAlertViewExampleUITests */ = {
			isa = PBXGroup;
			children = (
				6EE82D541C55CBBD005EA2CA /* AwlenAlertViewExampleUITests.m */,
				6EE82D561C55CBBD005EA2CA /* Info.plist */,
			);
			path = AwlenAlertViewExampleUITests;
			sourceTree = "<group>";
		};
/* End PBXGroup section */

/* Begin PBXNativeTarget section */
		6EE82D2B1C55CBBD005EA2CA /* AwlenAlertViewExample */ = {
			isa = PBXNativeTarget;
			buildConfigurationList = 6EE82D591C55CBBD005EA2CA /* Build configuration list for PBXNativeTarget "AwlenAlertViewExample" */;
			buildPhases = (
				6EE82D281C55CBBD005EA2CA /* Sources */,
				6EE82D291C55CBBD005EA2CA /* Frameworks */,
				6EE82D2A1C55CBBD005EA2CA /* Resources */,
			);
			buildRules = (
			);
			dependencies = (
			);
			name = AwlenAlertViewExample;
			productName = AwlenAlertViewExample;
			productReference = 6EE82D2C1C55CBBD005EA2CA /* AwlenAlertViewExample.app */;
			productType = "com.apple.product-type.application";
		};
		6EE82D441C55CBBD005EA2CA /* AwlenAlertViewExampleTests */ = {
			isa = PBXNativeTarget;
			buildConfigurationList = 6EE82D5C1C55CBBD005EA2CA /* Build configuration list for PBXNativeTarget "AwlenAlertViewExampleTests" */;
			buildPhases = (
				6EE82D411C55CBBD005EA2CA /* Sources */,
				6EE82D421C55CBBD005EA2CA /* Frameworks */,
				6EE82D431C55CBBD005EA2CA /* Resources */,
			);
			buildRules = (
			);
			dependencies = (
				6EE82D471C55CBBD005EA2CA /* PBXTargetDependency */,
			);
			name = AwlenAlertViewExampleTests;
			productName = AwlenAlertViewExampleTests;
			productReference = 6EE82D451C55CBBD005EA2CA /* AwlenAlertViewExampleTests.xctest */;
			productType = "com.apple.product-type.bundle.unit-test";
		};
		6EE82D4F1C55CBBD005EA2CA /* AwlenAlertViewExampleUITests */ = {
			isa = PBXNativeTarget;
			buildConfigurationList = 6EE82D5F1C55CBBD005EA2CA /* Build configuration list for PBXNativeTarget "AwlenAlertViewExampleUITests" */;
			buildPhases = (
				6EE82D4C1C55CBBD005EA2CA /* Sources */,
				6EE82D4D1C55CBBD005EA2CA /* Frameworks */,
				6EE82D4E1C55CBBD005EA2CA /* Resources */,
			);
			buildRules = (
			);
			dependencies = (
				6EE82D521C55CBBD005EA2CA /* PBXTargetDependency */,
			);
			name = AwlenAlertViewExampleUITests;
			productName = AwlenAlertViewExampleUITests;
			productReference = 6EE82D501C55CBBD005EA2CA /* AwlenAlertViewExampleUITests.xctest */;
			productType = "com.apple.product-type.bundle.ui-testing";
		};
/* End PBXNativeTarget section */

/* Begin PBXProject section */
		6EE82D241C55CBBD005EA2CA /* Project object */ = {
			isa = PBXProject;
			attributes = {
				LastUpgradeCheck = 0700;
				ORGANIZATIONNAME = AlenW;
				TargetAttributes = {
					6EE82D2B1C55CBBD005EA2CA = {
						CreatedOnToolsVersion = 7.0;
					};
					6EE82D441C55CBBD005EA2CA = {
						CreatedOnToolsVersion = 7.0;
						TestTargetID = 6EE82D2B1C55CBBD005EA2CA;
					};
					6EE82D4F1C55CBBD005EA2CA = {
						CreatedOnToolsVersion = 7.0;
						TestTargetID = 6EE82D2B1C55CBBD005EA2CA;
					};
				};
			};
			buildConfigurationList = 6EE82D271C55CBBD005EA2CA /* Build configuration list for PBXProject "AwlenAlertViewExample" */;
			compatibilityVersion = "Xcode 3.2";
			developmentRegion = English;
			hasScannedForEncodings = 0;
			knownRegions = (
				en,
				Base,
			);
			mainGroup = 6EE82D231C55CBBD005EA2CA;
			productRefGroup = 6EE82D2D1C55CBBD005EA2CA /* Products */;
			projectDirPath = "";
			projectRoot = "";
			targets = (
				6EE82D2B1C55CBBD005EA2CA /* AwlenAlertViewExample */,
				6EE82D441C55CBBD005EA2CA /* AwlenAlertViewExampleTests */,
				6EE82D4F1C55CBBD005EA2CA /* AwlenAlertViewExampleUITests */,
			);
		};
/* End PBXProject section */

/* Begin PBXResourcesBuildPhase section */
		6EE82D2A1C55CBBD005EA2CA /* Resources */ = {
			isa = PBXResourcesBuildPhase;
			buildActionMask = 2147483647;
			files = (
				6EE82D3F1C55CBBD005EA2CA /* LaunchScreen.storyboard in Resources */,
				6082ACD81D0EF822006CA072 /* CountSelectView.xib in Resources */,
				6EE82D3C1C55CBBD005EA2CA /* Assets.xcassets in Resources */,
				6EE82D3A1C55CBBD005EA2CA /* Main.storyboard in Resources */,
				6000F7741CFE8C9500B75F2A /* AwAlertViewlib.bundle in Resources */,
			);
			runOnlyForDeploymentPostprocessing = 0;
		};
		6EE82D431C55CBBD005EA2CA /* Resources */ = {
			isa = PBXResourcesBuildPhase;
			buildActionMask = 2147483647;
			files = (
			);
			runOnlyForDeploymentPostprocessing = 0;
		};
		6EE82D4E1C55CBBD005EA2CA /* Resources */ = {
			isa = PBXResourcesBuildPhase;
			buildActionMask = 2147483647;
			files = (
			);
			runOnlyForDeploymentPostprocessing = 0;
		};
/* End PBXResourcesBuildPhase section */

/* Begin PBXSourcesBuildPhase section */
		6EE82D281C55CBBD005EA2CA /* Sources */ = {
			isa = PBXSourcesBuildPhase;
			buildActionMask = 2147483647;
			files = (
				6082ACD71D0EF822006CA072 /* CountSelectView.m in Sources */,
				6EE82D371C55CBBD005EA2CA /* ViewController.m in Sources */,
				6000F7781CFE8CE300B75F2A /* BViewController.m in Sources */,
				6EE82D341C55CBBD005EA2CA /* AppDelegate.m in Sources */,
				6EE82D311C55CBBD005EA2CA /* main.m in Sources */,
			);
			runOnlyForDeploymentPostprocessing = 0;
		};
		6EE82D411C55CBBD005EA2CA /* Sources */ = {
			isa = PBXSourcesBuildPhase;
			buildActionMask = 2147483647;
			files = (
				6EE82D4A1C55CBBD005EA2CA /* AwlenAlertViewExampleTests.m in Sources */,
			);
			runOnlyForDeploymentPostprocessing = 0;
		};
		6EE82D4C1C55CBBD005EA2CA /* Sources */ = {
			isa = PBXSourcesBuildPhase;
			buildActionMask = 2147483647;
			files = (
				6EE82D551C55CBBD005EA2CA /* AwlenAlertViewExampleUITests.m in Sources */,
			);
			runOnlyForDeploymentPostprocessing = 0;
		};
/* End PBXSourcesBuildPhase section */

/* Begin PBXTargetDependency section */
		6EE82D471C55CBBD005EA2CA /* PBXTargetDependency */ = {
			isa = PBXTargetDependency;
			target = 6EE82D2B1C55CBBD005EA2CA /* AwlenAlertViewExample */;
			targetProxy = 6EE82D461C55CBBD005EA2CA /* PBXContainerItemProxy */;
		};
		6EE82D521C55CBBD005EA2CA /* PBXTargetDependency */ = {
			isa = PBXTargetDependency;
			target = 6EE82D2B1C55CBBD005EA2CA /* AwlenAlertViewExample */;
			targetProxy = 6EE82D511C55CBBD005EA2CA /* PBXContainerItemProxy */;
		};
/* End PBXTargetDependency section */

/* Begin PBXVariantGroup section */
		6EE82D381C55CBBD005EA2CA /* Main.storyboard */ = {
			isa = PBXVariantGroup;
			children = (
				6EE82D391C55CBBD005EA2CA /* Base */,
			);
			name = Main.storyboard;
			sourceTree = "<group>";
		};
		6EE82D3D1C55CBBD005EA2CA /* LaunchScreen.storyboard */ = {
			isa = PBXVariantGroup;
			children = (
				6EE82D3E1C55CBBD005EA2CA /* Base */,
			);
			name = LaunchScreen.storyboard;
			sourceTree = "<group>";
		};
/* End PBXVariantGroup section */

/* Begin XCBuildConfiguration section */
		6EE82D571C55CBBD005EA2CA /* Debug */ = {
			isa = XCBuildConfiguration;
			buildSettings = {
				ALWAYS_SEARCH_USER_PATHS = NO;
				CLANG_CXX_LANGUAGE_STANDARD = "gnu++0x";
				CLANG_CXX_LIBRARY = "libc++";
				CLANG_ENABLE_MODULES = YES;
				CLANG_ENABLE_OBJC_ARC = YES;
				CLANG_WARN_BOOL_CONVERSION = YES;
				CLANG_WARN_CONSTANT_CONVERSION = YES;
				CLANG_WARN_DIRECT_OBJC_ISA_USAGE = YES_ERROR;
				CLANG_WARN_EMPTY_BODY = YES;
				CLANG_WARN_ENUM_CONVERSION = YES;
				CLANG_WARN_INT_CONVERSION = YES;
				CLANG_WARN_OBJC_ROOT_CLASS = YES_ERROR;
				CLANG_WARN_UNREACHABLE_CODE = YES;
				CLANG_WARN__DUPLICATE_METHOD_MATCH = YES;
				"CODE_SIGN_IDENTITY[sdk=iphoneos*]" = "iPhone Developer";
				COPY_PHASE_STRIP = NO;
				DEBUG_INFORMATION_FORMAT = dwarf;
				ENABLE_STRICT_OBJC_MSGSEND = YES;
				ENABLE_TESTABILITY = YES;
				GCC_C_LANGUAGE_STANDARD = gnu99;
				GCC_DYNAMIC_NO_PIC = NO;
				GCC_NO_COMMON_BLOCKS = YES;
				GCC_OPTIMIZATION_LEVEL = 0;
				GCC_PREPROCESSOR_DEFINITIONS = (
					"DEBUG=1",
					"$(inherited)",
				);
				GCC_WARN_64_TO_32_BIT_CONVERSION = YES;
				GCC_WARN_ABOUT_RETURN_TYPE = YES_ERROR;
				GCC_WARN_UNDECLARED_SELECTOR = YES;
				GCC_WARN_UNINITIALIZED_AUTOS = YES_AGGRESSIVE;
				GCC_WARN_UNUSED_FUNCTION = YES;
				GCC_WARN_UNUSED_VARIABLE = YES;
				IPHONEOS_DEPLOYMENT_TARGET = 9.0;
				MTL_ENABLE_DEBUG_INFO = YES;
				ONLY_ACTIVE_ARCH = YES;
				SDKROOT = iphoneos;
			};
			name = Debug;
		};
		6EE82D581C55CBBD005EA2CA /* Release */ = {
			isa = XCBuildConfiguration;
			buildSettings = {
				ALWAYS_SEARCH_USER_PATHS = NO;
				CLANG_CXX_LANGUAGE_STANDARD = "gnu++0x";
				CLANG_CXX_LIBRARY = "libc++";
				CLANG_ENABLE_MODULES = YES;
				CLANG_ENABLE_OBJC_ARC = YES;
				CLANG_WARN_BOOL_CONVERSION = YES;
				CLANG_WARN_CONSTANT_CONVERSION = YES;
				CLANG_WARN_DIRECT_OBJC_ISA_USAGE = YES_ERROR;
				CLANG_WARN_EMPTY_BODY = YES;
				CLANG_WARN_ENUM_CONVERSION = YES;
				CLANG_WARN_INT_CONVERSION = YES;
				CLANG_WARN_OBJC_ROOT_CLASS = YES_ERROR;
				CLANG_WARN_UNREACHABLE_CODE = YES;
				CLANG_WARN__DUPLICATE_METHOD_MATCH = YES;
				"CODE_SIGN_IDENTITY[sdk=iphoneos*]" = "iPhone Developer";
				COPY_PHASE_STRIP = NO;
				DEBUG_INFORMATION_FORMAT = "dwarf-with-dsym";
				ENABLE_NS_ASSERTIONS = NO;
				ENABLE_STRICT_OBJC_MSGSEND = YES;
				GCC_C_LANGUAGE_STANDARD = gnu99;
				GCC_NO_COMMON_BLOCKS = YES;
				GCC_WARN_64_TO_32_BIT_CONVERSION = YES;
				GCC_WARN_ABOUT_RETURN_TYPE = YES_ERROR;
				GCC_WARN_UNDECLARED_SELECTOR = YES;
				GCC_WARN_UNINITIALIZED_AUTOS = YES_AGGRESSIVE;
				GCC_WARN_UNUSED_FUNCTION = YES;
				GCC_WARN_UNUSED_VARIABLE = YES;
				IPHONEOS_DEPLOYMENT_TARGET = 9.0;
				MTL_ENABLE_DEBUG_INFO = NO;
				SDKROOT = iphoneos;
				VALIDATE_PRODUCT = YES;
			};
			name = Release;
		};
		6EE82D5A1C55CBBD005EA2CA /* Debug */ = {
			isa = XCBuildConfiguration;
			buildSettings = {
				ASSETCATALOG_COMPILER_APPICON_NAME = AppIcon;
				FRAMEWORK_SEARCH_PATHS = (
					"$(inherited)",
					"$(PROJECT_DIR)/AwlenAlertViewExample",
				);
				INFOPLIST_FILE = AwlenAlertViewExample/Info.plist;
				LD_RUNPATH_SEARCH_PATHS = "$(inherited) @executable_path/Frameworks";
				PRODUCT_BUNDLE_IDENTIFIER = com.AlenW.AwlenAlertViewExample;
				PRODUCT_NAME = "$(TARGET_NAME)";
			};
			name = Debug;
		};
		6EE82D5B1C55CBBD005EA2CA /* Release */ = {
			isa = XCBuildConfiguration;
			buildSettings = {
				ASSETCATALOG_COMPILER_APPICON_NAME = AppIcon;
				FRAMEWORK_SEARCH_PATHS = (
					"$(inherited)",
					"$(PROJECT_DIR)/AwlenAlertViewExample",
				);
				INFOPLIST_FILE = AwlenAlertViewExample/Info.plist;
				LD_RUNPATH_SEARCH_PATHS = "$(inherited) @executable_path/Frameworks";
				PRODUCT_BUNDLE_IDENTIFIER = com.AlenW.AwlenAlertViewExample;
				PRODUCT_NAME = "$(TARGET_NAME)";
			};
			name = Release;
		};
		6EE82D5D1C55CBBD005EA2CA /* Debug */ = {
			isa = XCBuildConfiguration;
			buildSettings = {
				BUNDLE_LOADER = "$(TEST_HOST)";
				INFOPLIST_FILE = AwlenAlertViewExampleTests/Info.plist;
				LD_RUNPATH_SEARCH_PATHS = "$(inherited) @executable_path/Frameworks @loader_path/Frameworks";
				PRODUCT_BUNDLE_IDENTIFIER = com.AlenW.AwlenAlertViewExampleTests;
				PRODUCT_NAME = "$(TARGET_NAME)";
				TEST_HOST = "$(BUILT_PRODUCTS_DIR)/AwlenAlertViewExample.app/AwlenAlertViewExample";
			};
			name = Debug;
		};
		6EE82D5E1C55CBBD005EA2CA /* Release */ = {
			isa = XCBuildConfiguration;
			buildSettings = {
				BUNDLE_LOADER = "$(TEST_HOST)";
				INFOPLIST_FILE = AwlenAlertViewExampleTests/Info.plist;
				LD_RUNPATH_SEARCH_PATHS = "$(inherited) @executable_path/Frameworks @loader_path/Frameworks";
				PRODUCT_BUNDLE_IDENTIFIER = com.AlenW.AwlenAlertViewExampleTests;
				PRODUCT_NAME = "$(TARGET_NAME)";
				TEST_HOST = "$(BUILT_PRODUCTS_DIR)/AwlenAlertViewExample.app/AwlenAlertViewExample";
			};
			name = Release;
		};
		6EE82D601C55CBBD005EA2CA /* Debug */ = {
			isa = XCBuildConfiguration;
			buildSettings = {
				INFOPLIST_FILE = AwlenAlertViewExampleUITests/Info.plist;
				LD_RUNPATH_SEARCH_PATHS = "$(inherited) @executable_path/Frameworks @loader_path/Frameworks";
				PRODUCT_BUNDLE_IDENTIFIER = com.AlenW.AwlenAlertViewExampleUITests;
				PRODUCT_NAME = "$(TARGET_NAME)";
				TEST_TARGET_NAME = AwlenAlertViewExample;
				USES_XCTRUNNER = YES;
			};
			name = Debug;
		};
		6EE82D611C55CBBD005EA2CA /* Release */ = {
			isa = XCBuildConfiguration;
			buildSettings = {
				INFOPLIST_FILE = AwlenAlertViewExampleUITests/Info.plist;
				LD_RUNPATH_SEARCH_PATHS = "$(inherited) @executable_path/Frameworks @loader_path/Frameworks";
				PRODUCT_BUNDLE_IDENTIFIER = com.AlenW.AwlenAlertViewExampleUITests;
				PRODUCT_NAME = "$(TARGET_NAME)";
				TEST_TARGET_NAME = AwlenAlertViewExample;
				USES_XCTRUNNER = YES;
			};
			name = Release;
		};
/* End XCBuildConfiguration section */

/* Begin XCConfigurationList section */
		6EE82D271C55CBBD005EA2CA /* Build configuration list for PBXProject "AwlenAlertViewExample" */ = {
			isa = XCConfigurationList;
			buildConfigurations = (
				6EE82D571C55CBBD005EA2CA /* Debug */,
				6EE82D581C55CBBD005EA2CA /* Release */,
			);
			defaultConfigurationIsVisible = 0;
			defaultConfigurationName = Release;
		};
		6EE82D591C55CBBD005EA2CA /* Build configuration list for PBXNativeTarget "AwlenAlertViewExample" */ = {
			isa = XCConfigurationList;
			buildConfigurations = (
				6EE82D5A1C55CBBD005EA2CA /* Debug */,
				6EE82D5B1C55CBBD005EA2CA /* Release */,
			);
			defaultConfigurationIsVisible = 0;
			defaultConfigurationName = Release;
		};
		6EE82D5C1C55CBBD005EA2CA /* Build configuration list for PBXNativeTarget "AwlenAlertViewExampleTests" */ = {
			isa = XCConfigurationList;
			buildConfigurations = (
				6EE82D5D1C55CBBD005EA2CA /* Debug */,
				6EE82D5E1C55CBBD005EA2CA /* Release */,
			);
			defaultConfigurationIsVisible = 0;
			defaultConfigurationName = Release;
		};
		6EE82D5F1C55CBBD005EA2CA /* Build configuration list for PBXNativeTarget "AwlenAlertViewExampleUITests" */ = {
			isa = XCConfigurationList;
			buildConfigurations = (
				6EE82D601C55CBBD005EA2CA /* Debug */,
				6EE82D611C55CBBD005EA2CA /* Release */,
			);
			defaultConfigurationIsVisible = 0;
			defaultConfigurationName = Release;
		};
/* End XCConfigurationList section */
	};
	rootObject = 6EE82D241C55CBBD005EA2CA /* Project object */;
}
